
Microsoft Visual Studio Solution File, Format Version 12.00
# Visual Studio Version 16
VisualStudioVersion = 16.0.31624.102
MinimumVisualStudioVersion = 10.0.40219.1
Project("{FAE04EC0-301F-11D3-BF4B-00C04F79EFBC}") = "ArduinoIntegrationApi", "ArduinoIntegrationApi\ArduinoIntegrationApi.csproj", "{5445FC6B-D548-4172-9100-57E99E1455CE}"
EndProject
Global
	GlobalSection(SolutionConfigurationPlatforms) = preSolution
		Debug|Any CPU = Debug|Any CPU
		Release|Any CPU = Release|Any CPU
	EndGlobalSection
	GlobalSection(ProjectConfigurationPlatforms) = postSolution
		{5445FC6B-D548-4172-9100-57E99E1455CE}.Debug|Any CPU.ActiveCfg = Debug|Any CPU
		{5445FC6B-D548-4172-9100-57E99E1455CE}.Debug|Any CPU.Build.0 = Debug|Any CPU
		{5445FC6B-D548-4172-9100-57E99E1455CE}.Release|Any CPU.ActiveCfg = Release|Any CPU
		{5445FC6B-D548-4172-9100-57E99E1455CE}.Release|Any CPU.Build.0 = Release|Any CPU
	EndGlobalSection
	GlobalSection(SolutionProperties) = preSolution
		HideSolutionNode = FALSE
	EndGlobalSection
	GlobalSection(ExtensibilityGlobals) = postSolution
		SolutionGuid = {649AAAD1-73D3-4272-A25A-521C4F682211}
	EndGlobalSection
EndGlobal
